
Microsoft Visual Studio Solution File, Format Version 12.00
# Visual Studio 15
VisualStudioVersion = 15.0.28307.168
MinimumVisualStudioVersion = 10.0.40219.1
Project("{FAE04EC0-301F-11D3-BF4B-00C04F79EFBC}") = "RSA", "RSA\RSA.csproj", "{21FE03A8-3F1F-42F9-91E9-43D43AC521A5}"
EndProject
Global
	GlobalSection(SolutionConfigurationPlatforms) = preSolution
		Debug|Any CPU = Debug|Any CPU
		Release|Any CPU = Release|Any CPU
	EndGlobalSection
	GlobalSection(ProjectConfigurationPlatforms) = postSolution
		{21FE03A8-3F1F-42F9-91E9-43D43AC521A5}.Debug|Any CPU.ActiveCfg = Debug|Any CPU
		{21FE03A8-3F1F-42F9-91E9-43D43AC521A5}.Debug|Any CPU.Build.0 = Debug|Any CPU
		{21FE03A8-3F1F-42F9-91E9-43D43AC521A5}.Release|Any CPU.ActiveCfg = Release|Any CPU
		{21FE03A8-3F1F-42F9-91E9-43D43AC521A5}.Release|Any CPU.Build.0 = Release|Any CPU
	EndGlobalSection
	GlobalSection(SolutionProperties) = preSolution
		HideSolutionNode = FALSE
	EndGlobalSection
	GlobalSection(ExtensibilityGlobals) = postSolution
		SolutionGuid = {1527008A-9CE9-4706-A870-34D45605B5FD}
	EndGlobalSection
EndGlobal
